
Microsoft Visual Studio Solution File, Format Version 12.00
# Visual Studio Version 16
VisualStudioVersion = 16.0.29728.190
MinimumVisualStudioVersion = 10.0.40219.1
Project("{FAE04EC0-301F-11D3-BF4B-00C04F79EFBC}") = "Indexers", "Indexers.csproj", "{D62CE36A-1BD2-45D6-BE78-717850779CEC}"
EndProject
Global
	GlobalSection(SolutionConfigurationPlatforms) = preSolution
		Debug|Any CPU = Debug|Any CPU
		Release|Any CPU = Release|Any CPU
	EndGlobalSection
	GlobalSection(ProjectConfigurationPlatforms) = postSolution
		{D62CE36A-1BD2-45D6-BE78-717850779CEC}.Debug|Any CPU.ActiveCfg = Debug|Any CPU
		{D62CE36A-1BD2-45D6-BE78-717850779CEC}.Debug|Any CPU.Build.0 = Debug|Any CPU
		{D62CE36A-1BD2-45D6-BE78-717850779CEC}.Release|Any CPU.ActiveCfg = Release|Any CPU
		{D62CE36A-1BD2-45D6-BE78-717850779CEC}.Release|Any CPU.Build.0 = Release|Any CPU
	EndGlobalSection
	GlobalSection(SolutionProperties) = preSolution
		HideSolutionNode = FALSE
	EndGlobalSection
	GlobalSection(ExtensibilityGlobals) = postSolution
		SolutionGuid = {7B26A45A-0BA3-4EEB-9680-BD07955F461F}
	EndGlobalSection
EndGlobal
